
Microsoft Visual Studio Solution File, Format Version 12.00
# Visual Studio Version 17
VisualStudioVersion = 17.14.36301.6
MinimumVisualStudioVersion = 10.0.40219.1
Project("{FAE04EC0-301F-11D3-BF4B-00C04F79EFBC}") = "SchoolProject", "SchoolProject.csproj", "{422F8FF5-9132-4A0F-ABB3-288EF5888875}"
EndProject
Project("{FAE04EC0-301F-11D3-BF4B-00C04F79EFBC}") = "SchoolProject.Models", "..\SchoolProject.Models\SchoolProject.Models.csproj", "{E679D9B6-81FD-4779-835D-78DD3645378C}"
EndProject
Project("{FAE04EC0-301F-11D3-BF4B-00C04F79EFBC}") = "SchoolProject.Service", "..\SchoolProject.Services\SchoolProject.Service.csproj", "{BDB141BD-87A5-4B5C-8F3D-3C07255E12DC}"
EndProject
Project("{FAE04EC0-301F-11D3-BF4B-00C04F79EFBC}") = "SchoolProject.Common", "..\SchoolProject.Common\SchoolProject.Common.csproj", "{F0BFDF9A-5258-497F-9EDF-9A59B048999B}"
EndProject
Global
	GlobalSection(SolutionConfigurationPlatforms) = preSolution
		Debug|Any CPU = Debug|Any CPU
		Release|Any CPU = Release|Any CPU
	EndGlobalSection
	GlobalSection(ProjectConfigurationPlatforms) = postSolution
		{422F8FF5-9132-4A0F-ABB3-288EF5888875}.Debug|Any CPU.ActiveCfg = Debug|Any CPU
		{422F8FF5-9132-4A0F-ABB3-288EF5888875}.Debug|Any CPU.Build.0 = Debug|Any CPU
		{422F8FF5-9132-4A0F-ABB3-288EF5888875}.Release|Any CPU.ActiveCfg = Release|Any CPU
		{422F8FF5-9132-4A0F-ABB3-288EF5888875}.Release|Any CPU.Build.0 = Release|Any CPU
		{E679D9B6-81FD-4779-835D-78DD3645378C}.Debug|Any CPU.ActiveCfg = Debug|Any CPU
		{E679D9B6-81FD-4779-835D-78DD3645378C}.Debug|Any CPU.Build.0 = Debug|Any CPU
		{E679D9B6-81FD-4779-835D-78DD3645378C}.Release|Any CPU.ActiveCfg = Release|Any CPU
		{E679D9B6-81FD-4779-835D-78DD3645378C}.Release|Any CPU.Build.0 = Release|Any CPU
		{BDB141BD-87A5-4B5C-8F3D-3C07255E12DC}.Debug|Any CPU.ActiveCfg = Debug|Any CPU
		{BDB141BD-87A5-4B5C-8F3D-3C07255E12DC}.Debug|Any CPU.Build.0 = Debug|Any CPU
		{BDB141BD-87A5-4B5C-8F3D-3C07255E12DC}.Release|Any CPU.ActiveCfg = Release|Any CPU
		{BDB141BD-87A5-4B5C-8F3D-3C07255E12DC}.Release|Any CPU.Build.0 = Release|Any CPU
		{F0BFDF9A-5258-497F-9EDF-9A59B048999B}.Debug|Any CPU.ActiveCfg = Debug|Any CPU
		{F0BFDF9A-5258-497F-9EDF-9A59B048999B}.Debug|Any CPU.Build.0 = Debug|Any CPU
		{F0BFDF9A-5258-497F-9EDF-9A59B048999B}.Release|Any CPU.ActiveCfg = Release|Any CPU
		{F0BFDF9A-5258-497F-9EDF-9A59B048999B}.Release|Any CPU.Build.0 = Release|Any CPU
	EndGlobalSection
	GlobalSection(SolutionProperties) = preSolution
		HideSolutionNode = FALSE
	EndGlobalSection
	GlobalSection(ExtensibilityGlobals) = postSolution
		SolutionGuid = {AC28C9C8-ECD9-467F-AD33-556F0A124BB8}
	EndGlobalSection
EndGlobal
